
Microsoft Visual Studio Solution File, Format Version 12.00
# Visual Studio Version 17
VisualStudioVersion = 17.11.35312.102
MinimumVisualStudioVersion = 10.0.40219.1
Project("{9A19103F-16F7-4668-BE54-9A1E7A4F7556}") = "Test_Server", "Test_Server.csproj", "{3C1A0090-B851-4EB6-AA9D-AB50EB80DF21}"
EndProject
Project("{9A19103F-16F7-4668-BE54-9A1E7A4F7556}") = "BCCrypto", "..\BCCrypto\BCCrypto.csproj", "{A150D703-F712-46B5-8D5C-F3D7A8A63E78}"
EndProject
Project("{9A19103F-16F7-4668-BE54-9A1E7A4F7556}") = "Netcode.IO.NET", "..\Netcode.IO.NET\Netcode.IO.NET.csproj", "{DB37DC6F-43C1-45AF-9565-25CC1C55FAB5}"
EndProject
Global
	GlobalSection(SolutionConfigurationPlatforms) = preSolution
		Debug|Any CPU = Debug|Any CPU
		Release|Any CPU = Release|Any CPU
	EndGlobalSection
	GlobalSection(ProjectConfigurationPlatforms) = postSolution
		{3C1A0090-B851-4EB6-AA9D-AB50EB80DF21}.Debug|Any CPU.ActiveCfg = Debug|Any CPU
		{3C1A0090-B851-4EB6-AA9D-AB50EB80DF21}.Debug|Any CPU.Build.0 = Debug|Any CPU
		{3C1A0090-B851-4EB6-AA9D-AB50EB80DF21}.Release|Any CPU.ActiveCfg = Release|Any CPU
		{3C1A0090-B851-4EB6-AA9D-AB50EB80DF21}.Release|Any CPU.Build.0 = Release|Any CPU
		{A150D703-F712-46B5-8D5C-F3D7A8A63E78}.Debug|Any CPU.ActiveCfg = Debug|Any CPU
		{A150D703-F712-46B5-8D5C-F3D7A8A63E78}.Debug|Any CPU.Build.0 = Debug|Any CPU
		{A150D703-F712-46B5-8D5C-F3D7A8A63E78}.Release|Any CPU.ActiveCfg = Release|Any CPU
		{A150D703-F712-46B5-8D5C-F3D7A8A63E78}.Release|Any CPU.Build.0 = Release|Any CPU
		{DB37DC6F-43C1-45AF-9565-25CC1C55FAB5}.Debug|Any CPU.ActiveCfg = Debug|Any CPU
		{DB37DC6F-43C1-45AF-9565-25CC1C55FAB5}.Debug|Any CPU.Build.0 = Debug|Any CPU
		{DB37DC6F-43C1-45AF-9565-25CC1C55FAB5}.Release|Any CPU.ActiveCfg = Release|Any CPU
		{DB37DC6F-43C1-45AF-9565-25CC1C55FAB5}.Release|Any CPU.Build.0 = Release|Any CPU
	EndGlobalSection
	GlobalSection(SolutionProperties) = preSolution
		HideSolutionNode = FALSE
	EndGlobalSection
	GlobalSection(ExtensibilityGlobals) = postSolution
		SolutionGuid = {724390D8-3BAD-424C-B1FA-7C0209CDE51C}
	EndGlobalSection
EndGlobal
